
Microsoft Visual Studio Solution File, Format Version 12.00
# Visual Studio Version 17
VisualStudioVersion = 17.4.33103.184
MinimumVisualStudioVersion = 10.0.40219.1
Project("{9A19103F-16F7-4668-BE54-9A1E7A4F7556}") = "KampIntro", "KampIntro\KampIntro.csproj", "{5EAF641E-D1F0-4144-AAB8-3E2B4C133EE2}"
EndProject
Project("{9A19103F-16F7-4668-BE54-9A1E7A4F7556}") = "donguler", "donguler\donguler.csproj", "{5E75D9C2-59E7-4B85-9ADD-D7E8D7366D0A}"
EndProject
Project("{9A19103F-16F7-4668-BE54-9A1E7A4F7556}") = "classIntro", "classIntro\classIntro.csproj", "{3E002FFB-0978-47FC-B510-862F29C63023}"
EndProject
Project("{9A19103F-16F7-4668-BE54-9A1E7A4F7556}") = "Metotlar", "Metotlar\Metotlar.csproj", "{19C54728-FB1C-47F8-BA7C-215F6DA2A0B4}"
EndProject
Project("{9A19103F-16F7-4668-BE54-9A1E7A4F7556}") = "Matematik", "Matematik\Matematik.csproj", "{C0A95A20-F8C5-43F0-9812-EC357D8D218C}"
EndProject
Project("{9A19103F-16F7-4668-BE54-9A1E7A4F7556}") = "DegerVeReferansTipler", "DegerVeReferansTipler\DegerVeReferansTipler.csproj", "{D8CD6F5D-7A70-4922-A203-F1DF14A6EA69}"
EndProject
Project("{FAE04EC0-301F-11D3-BF4B-00C04F79EFBC}") = "OOP1", "OOP1\OOP1.csproj", "{BF843745-2AAC-4F61-83EF-BDC912DF8870}"
EndProject
Project("{FAE04EC0-301F-11D3-BF4B-00C04F79EFBC}") = "Koleksiyonlar", "Koleksiyonlar\Koleksiyonlar.csproj", "{E684CEA6-D9F1-4E11-ABDE-547DFDB61195}"
EndProject
Project("{FAE04EC0-301F-11D3-BF4B-00C04F79EFBC}") = "GenericsIntro", "GenericsIntro\GenericsIntro.csproj", "{9E17BB47-0FB5-44B8-8083-399C367FE555}"
EndProject
Project("{FAE04EC0-301F-11D3-BF4B-00C04F79EFBC}") = "MyDictionary", "MyDictionary\MyDictionary.csproj", "{1E2FEF4F-B475-4A1F-8395-ED821E023B7E}"
EndProject
Project("{FAE04EC0-301F-11D3-BF4B-00C04F79EFBC}") = "Oop2", "Oop2\Oop2.csproj", "{0B16810E-C715-4BCD-9C54-DF989B404908}"
EndProject
Project("{FAE04EC0-301F-11D3-BF4B-00C04F79EFBC}") = "Practice", "Practice\Practice.csproj", "{3BCC04AB-D09A-44C7-B9D1-83691D3AF10A}"
EndProject
Project("{FAE04EC0-301F-11D3-BF4B-00C04F79EFBC}") = "OOP3", "OOP3\OOP3.csproj", "{C0B7B226-595B-4C9E-AAFA-E05F1DD3B0CE}"
EndProject
Global
	GlobalSection(SolutionConfigurationPlatforms) = preSolution
		Debug|Any CPU = Debug|Any CPU
		Release|Any CPU = Release|Any CPU
	EndGlobalSection
	GlobalSection(ProjectConfigurationPlatforms) = postSolution
		{5EAF641E-D1F0-4144-AAB8-3E2B4C133EE2}.Debug|Any CPU.ActiveCfg = Debug|Any CPU
		{5EAF641E-D1F0-4144-AAB8-3E2B4C133EE2}.Debug|Any CPU.Build.0 = Debug|Any CPU
		{5EAF641E-D1F0-4144-AAB8-3E2B4C133EE2}.Release|Any CPU.ActiveCfg = Release|Any CPU
		{5EAF641E-D1F0-4144-AAB8-3E2B4C133EE2}.Release|Any CPU.Build.0 = Release|Any CPU
		{5E75D9C2-59E7-4B85-9ADD-D7E8D7366D0A}.Debug|Any CPU.ActiveCfg = Debug|Any CPU
		{5E75D9C2-59E7-4B85-9ADD-D7E8D7366D0A}.Debug|Any CPU.Build.0 = Debug|Any CPU
		{5E75D9C2-59E7-4B85-9ADD-D7E8D7366D0A}.Release|Any CPU.ActiveCfg = Release|Any CPU
		{5E75D9C2-59E7-4B85-9ADD-D7E8D7366D0A}.Release|Any CPU.Build.0 = Release|Any CPU
		{3E002FFB-0978-47FC-B510-862F29C63023}.Debug|Any CPU.ActiveCfg = Debug|Any CPU
		{3E002FFB-0978-47FC-B510-862F29C63023}.Debug|Any CPU.Build.0 = Debug|Any CPU
		{3E002FFB-0978-47FC-B510-862F29C63023}.Release|Any CPU.ActiveCfg = Release|Any CPU
		{3E002FFB-0978-47FC-B510-862F29C63023}.Release|Any CPU.Build.0 = Release|Any CPU
		{19C54728-FB1C-47F8-BA7C-215F6DA2A0B4}.Debug|Any CPU.ActiveCfg = Debug|Any CPU
		{19C54728-FB1C-47F8-BA7C-215F6DA2A0B4}.Debug|Any CPU.Build.0 = Debug|Any CPU
		{19C54728-FB1C-47F8-BA7C-215F6DA2A0B4}.Release|Any CPU.ActiveCfg = Release|Any CPU
		{19C54728-FB1C-47F8-BA7C-215F6DA2A0B4}.Release|Any CPU.Build.0 = Release|Any CPU
		{C0A95A20-F8C5-43F0-9812-EC357D8D218C}.Debug|Any CPU.ActiveCfg = Debug|Any CPU
		{C0A95A20-F8C5-43F0-9812-EC357D8D218C}.Debug|Any CPU.Build.0 = Debug|Any CPU
		{C0A95A20-F8C5-43F0-9812-EC357D8D218C}.Release|Any CPU.ActiveCfg = Release|Any CPU
		{C0A95A20-F8C5-43F0-9812-EC357D8D218C}.Release|Any CPU.Build.0 = Release|Any CPU
		{D8CD6F5D-7A70-4922-A203-F1DF14A6EA69}.Debug|Any CPU.ActiveCfg = Debug|Any CPU
		{D8CD6F5D-7A70-4922-A203-F1DF14A6EA69}.Debug|Any CPU.Build.0 = Debug|Any CPU
		{D8CD6F5D-7A70-4922-A203-F1DF14A6EA69}.Release|Any CPU.ActiveCfg = Release|Any CPU
		{D8CD6F5D-7A70-4922-A203-F1DF14A6EA69}.Release|Any CPU.Build.0 = Release|Any CPU
		{BF843745-2AAC-4F61-83EF-BDC912DF8870}.Debug|Any CPU.ActiveCfg = Debug|Any CPU
		{BF843745-2AAC-4F61-83EF-BDC912DF8870}.Debug|Any CPU.Build.0 = Debug|Any CPU
		{BF843745-2AAC-4F61-83EF-BDC912DF8870}.Release|Any CPU.ActiveCfg = Release|Any CPU
		{BF843745-2AAC-4F61-83EF-BDC912DF8870}.Release|Any CPU.Build.0 = Release|Any CPU
		{E684CEA6-D9F1-4E11-ABDE-547DFDB61195}.Debug|Any CPU.ActiveCfg = Debug|Any CPU
		{E684CEA6-D9F1-4E11-ABDE-547DFDB61195}.Debug|Any CPU.Build.0 = Debug|Any CPU
		{E684CEA6-D9F1-4E11-ABDE-547DFDB61195}.Release|Any CPU.ActiveCfg = Release|Any CPU
		{E684CEA6-D9F1-4E11-ABDE-547DFDB61195}.Release|Any CPU.Build.0 = Release|Any CPU
		{9E17BB47-0FB5-44B8-8083-399C367FE555}.Debug|Any CPU.ActiveCfg = Debug|Any CPU
		{9E17BB47-0FB5-44B8-8083-399C367FE555}.Debug|Any CPU.Build.0 = Debug|Any CPU
		{9E17BB47-0FB5-44B8-8083-399C367FE555}.Release|Any CPU.ActiveCfg = Release|Any CPU
		{9E17BB47-0FB5-44B8-8083-399C367FE555}.Release|Any CPU.Build.0 = Release|Any CPU
		{1E2FEF4F-B475-4A1F-8395-ED821E023B7E}.Debug|Any CPU.ActiveCfg = Debug|Any CPU
		{1E2FEF4F-B475-4A1F-8395-ED821E023B7E}.Debug|Any CPU.Build.0 = Debug|Any CPU
		{1E2FEF4F-B475-4A1F-8395-ED821E023B7E}.Release|Any CPU.ActiveCfg = Release|Any CPU
		{1E2FEF4F-B475-4A1F-8395-ED821E023B7E}.Release|Any CPU.Build.0 = Release|Any CPU
		{0B16810E-C715-4BCD-9C54-DF989B404908}.Debug|Any CPU.ActiveCfg = Debug|Any CPU
		{0B16810E-C715-4BCD-9C54-DF989B404908}.Debug|Any CPU.Build.0 = Debug|Any CPU
		{0B16810E-C715-4BCD-9C54-DF989B404908}.Release|Any CPU.ActiveCfg = Release|Any CPU
		{0B16810E-C715-4BCD-9C54-DF989B404908}.Release|Any CPU.Build.0 = Release|Any CPU
		{3BCC04AB-D09A-44C7-B9D1-83691D3AF10A}.Debug|Any CPU.ActiveCfg = Debug|Any CPU
		{3BCC04AB-D09A-44C7-B9D1-83691D3AF10A}.Debug|Any CPU.Build.0 = Debug|Any CPU
		{3BCC04AB-D09A-44C7-B9D1-83691D3AF10A}.Release|Any CPU.ActiveCfg = Release|Any CPU
		{3BCC04AB-D09A-44C7-B9D1-83691D3AF10A}.Release|Any CPU.Build.0 = Release|Any CPU
		{C0B7B226-595B-4C9E-AAFA-E05F1DD3B0CE}.Debug|Any CPU.ActiveCfg = Debug|Any CPU
		{C0B7B226-595B-4C9E-AAFA-E05F1DD3B0CE}.Debug|Any CPU.Build.0 = Debug|Any CPU
		{C0B7B226-595B-4C9E-AAFA-E05F1DD3B0CE}.Release|Any CPU.ActiveCfg = Release|Any CPU
		{C0B7B226-595B-4C9E-AAFA-E05F1DD3B0CE}.Release|Any CPU.Build.0 = Release|Any CPU
	EndGlobalSection
	GlobalSection(SolutionProperties) = preSolution
		HideSolutionNode = FALSE
	EndGlobalSection
	GlobalSection(ExtensibilityGlobals) = postSolution
		SolutionGuid = {6627D01A-60E3-4537-ACA2-6CA4E2100EC2}
	EndGlobalSection
EndGlobal
